
Microsoft Visual Studio Solution File, Format Version 12.00
# Visual Studio Version 16
VisualStudioVersion = 16.0.30225.117
MinimumVisualStudioVersion = 10.0.40219.1
Project("{2150E333-8FDC-42A3-9474-1A3956D46DE8}") = "01_PublishedLanguage", "01_PublishedLanguage", "{7FD074D3-82E8-4544-8948-542D1CB76669}"
EndProject
Project("{FAE04EC0-301F-11D3-BF4B-00C04F79EFBC}") = "DomainName.PL", "DomainName\DomainName.PL\DomainName.PL.csproj", "{51D25945-2659-492A-A988-E3CB95D3D50B}"
EndProject
Project("{2150E333-8FDC-42A3-9474-1A3956D46DE8}") = "02_WriteModel", "02_WriteModel", "{87BCA6A9-E14A-44AC-B4F9-2CDEFC72C188}"
EndProject
Project("{2150E333-8FDC-42A3-9474-1A3956D46DE8}") = "Application", "Application", "{009FD23D-4AA7-4C5E-B86E-0C6BD8791976}"
EndProject
Project("{FAE04EC0-301F-11D3-BF4B-00C04F79EFBC}") = "DomainName.App", "DomainName\DomainName.App\DomainName.App.csproj", "{E7F50F12-8FC3-441F-B6EF-6CE165E44EB9}"
EndProject
Project("{2150E333-8FDC-42A3-9474-1A3956D46DE8}") = "Domain", "Domain", "{873A6A06-1BA6-46AB-89D1-0436BC8300E7}"
EndProject
Project("{FAE04EC0-301F-11D3-BF4B-00C04F79EFBC}") = "DomainName.Domain", "DomainName\DomainName.Domain\DomainName.Domain.csproj", "{B296D70D-8D1E-4468-BB18-26E4829DA51A}"
EndProject
Project("{FAE04EC0-301F-11D3-BF4B-00C04F79EFBC}") = "DomainName.Domain.Infrastructure", "DomainName\DomainName.Domain.Infrastructure\DomainName.Domain.Infrastructure.csproj", "{A0BA07AD-F1B2-43CD-BFA2-55D20978C281}"
EndProject
Project("{FAE04EC0-301F-11D3-BF4B-00C04F79EFBC}") = "DomainName.Domain.Tests", "DomainName\DomainName.Domain.Tests\DomainName.Domain.Tests.csproj", "{3486A951-B5F5-4FED-A058-A48AAD22DDB0}"
EndProject
Project("{2150E333-8FDC-42A3-9474-1A3956D46DE8}") = "NSBus", "NSBus", "{A89AF7FD-0AAB-417C-9BF0-03658385A451}"
EndProject
Project("{FAE04EC0-301F-11D3-BF4B-00C04F79EFBC}") = "DomainName.Domain.NSBus", "DomainName\DomainName.Domain.NSBus\DomainName.Domain.NSBus.csproj", "{536B18BB-726C-47BF-AC87-5E89F38687B7}"
EndProject
Project("{FAE04EC0-301F-11D3-BF4B-00C04F79EFBC}") = "DomainName.Domain.NSBus.Tests", "DomainName\DomainName.Domain.NSBus.Tests\DomainName.Domain.NSBus.Tests.csproj", "{DF0283A7-819D-499D-A722-58B0D21DE91F}"
EndProject
Project("{2150E333-8FDC-42A3-9474-1A3956D46DE8}") = "03_ReadModel", "03_ReadModel", "{3581CA68-8E58-43D9-93B7-F8274FF278A4}"
EndProject
Project("{2150E333-8FDC-42A3-9474-1A3956D46DE8}") = "Application", "Application", "{DAE34E88-C4EC-4095-8A24-CEA6E479132A}"
EndProject
Project("{FAE04EC0-301F-11D3-BF4B-00C04F79EFBC}") = "DomainName.ReadModel.App", "DomainName\DomainName.ReadModel.App\DomainName.ReadModel.App.csproj", "{948D8C8A-B123-40E1-9964-74E7D5658CFE}"
EndProject
Project("{2150E333-8FDC-42A3-9474-1A3956D46DE8}") = "Model", "Model", "{73F87588-54DB-45A1-83CC-04C3E9083D0A}"
EndProject
Project("{FAE04EC0-301F-11D3-BF4B-00C04F79EFBC}") = "DomainName.ReadModel", "DomainName\DomainName.ReadModel\DomainName.ReadModel.csproj", "{68987536-24E0-4CD9-A32B-CF4F025AF4D6}"
EndProject
Project("{2150E333-8FDC-42A3-9474-1A3956D46DE8}") = "Projections", "Projections", "{C3863A86-D84B-490B-8271-6FBCB983BE36}"
EndProject
Project("{FAE04EC0-301F-11D3-BF4B-00C04F79EFBC}") = "DomainName.ReadModel.Projections", "DomainName\DomainName.ReadModel.Projections\DomainName.ReadModel.Projections.csproj", "{54E647C4-677A-49AA-A47D-AFDFFE840599}"
EndProject
Project("{FAE04EC0-301F-11D3-BF4B-00C04F79EFBC}") = "DomainName.ReadModel.Projections.ES", "DomainName\DomainName.ReadModel.Projections.ES\DomainName.ReadModel.Projections.ES.csproj", "{95875CEA-B681-4DAB-A088-A569B301674B}"
EndProject
Project("{FAE04EC0-301F-11D3-BF4B-00C04F79EFBC}") = "DomainName.ReadModel.Projections.Tests", "DomainName\DomainName.ReadModel.Projections.Tests\DomainName.ReadModel.Projections.Tests.csproj", "{E01E5536-14A3-48FB-87CF-D9E450CCDC95}"
EndProject
Project("{2150E333-8FDC-42A3-9474-1A3956D46DE8}") = "Queries", "Queries", "{C9F97246-F63A-4CC7-8717-40ABE2BD57AF}"
EndProject
Project("{FAE04EC0-301F-11D3-BF4B-00C04F79EFBC}") = "DomainName.ReadModel.Repositories.RavenDB", "DomainName\DomainName.ReadModel.Repositories.RavenDB\DomainName.ReadModel.Repositories.RavenDB.csproj", "{755A8165-99CD-4696-85E2-781BD104F58E}"
EndProject
Project("{FAE04EC0-301F-11D3-BF4B-00C04F79EFBC}") = "DomainName.ReadModel.Repositories.RavenDB.UnitTests", "DomainName\DomainName.ReadModel.Repositories.RavenDB.UnitTests\DomainName.ReadModel.Repositories.RavenDB.UnitTests.csproj", "{CCDFABC8-4B33-40DA-ACF3-63A22662D1B5}"
EndProject
Project("{FAE04EC0-301F-11D3-BF4B-00C04F79EFBC}") = "DomainName.ReadModel.Repositories.RavenDB.IntegrationTests", "DomainName\DomainName.ReadModel.Repositories.RavenDB.IntegrationTests\DomainName.ReadModel.Repositories.RavenDB.IntegrationTests.csproj", "{CBF9659B-1EA9-454D-BEA9-1E8D4F7B8441}"
EndProject
Project("{2150E333-8FDC-42A3-9474-1A3956D46DE8}") = "04_Api", "04_Api", "{0D5F92C2-FCB1-48BA-9A56-89D3EA065CDE}"
EndProject
Project("{FAE04EC0-301F-11D3-BF4B-00C04F79EFBC}") = "DomainName.WebApi", "DomainName\DomainName.WebApi\DomainName.WebApi.csproj", "{45517EBE-5926-4847-9DE0-467B86CE3170}"
EndProject
Project("{FAE04EC0-301F-11D3-BF4B-00C04F79EFBC}") = "DomainName.WebApi.Infrastructure", "DomainName\DomainName.WebApi.Infrastructure\DomainName.WebApi.Infrastructure.csproj", "{87FA09CC-FF67-4B61-B136-9421849E8F68}"
EndProject
Project("{FAE04EC0-301F-11D3-BF4B-00C04F79EFBC}") = "DomainName.WebApi.ServiceInterface", "DomainName\DomainName.WebApi.ServiceInterface\DomainName.WebApi.ServiceInterface.csproj", "{47CD8D6C-C2B8-4F7F-8720-D1BA475905DC}"
EndProject
Project("{FAE04EC0-301F-11D3-BF4B-00C04F79EFBC}") = "DomainName.WebApi.ServiceModel", "DomainName\DomainName.WebApi.ServiceModel\DomainName.WebApi.ServiceModel.csproj", "{1E09144D-538F-432F-8724-C4E4C98EB904}"
EndProject
Project("{FAE04EC0-301F-11D3-BF4B-00C04F79EFBC}") = "DomainName.WebApi.UnitTests", "DomainName\DomainName.WebApi.UnitTests\DomainName.WebApi.UnitTests.csproj", "{F89AEB94-6AF6-431F-AAE4-EC000E722FF4}"
EndProject
Project("{FAE04EC0-301F-11D3-BF4B-00C04F79EFBC}") = "DomainName.WebApi.IntegrationTests", "DomainName\DomainName.WebApi.IntegrationTests\DomainName.WebApi.IntegrationTests.csproj", "{DD0878CA-9BC3-4BDD-AFD1-E72F23911190}"
EndProject
Global
	GlobalSection(SolutionConfigurationPlatforms) = preSolution
		Debug|Any CPU = Debug|Any CPU
		Release|Any CPU = Release|Any CPU
	EndGlobalSection
	GlobalSection(ProjectConfigurationPlatforms) = postSolution
		{51D25945-2659-492A-A988-E3CB95D3D50B}.Debug|Any CPU.ActiveCfg = Debug|Any CPU
		{51D25945-2659-492A-A988-E3CB95D3D50B}.Debug|Any CPU.Build.0 = Debug|Any CPU
		{51D25945-2659-492A-A988-E3CB95D3D50B}.Release|Any CPU.ActiveCfg = Release|Any CPU
		{51D25945-2659-492A-A988-E3CB95D3D50B}.Release|Any CPU.Build.0 = Release|Any CPU
		{E7F50F12-8FC3-441F-B6EF-6CE165E44EB9}.Debug|Any CPU.ActiveCfg = Debug|Any CPU
		{E7F50F12-8FC3-441F-B6EF-6CE165E44EB9}.Debug|Any CPU.Build.0 = Debug|Any CPU
		{E7F50F12-8FC3-441F-B6EF-6CE165E44EB9}.Release|Any CPU.ActiveCfg = Release|Any CPU
		{E7F50F12-8FC3-441F-B6EF-6CE165E44EB9}.Release|Any CPU.Build.0 = Release|Any CPU
		{B296D70D-8D1E-4468-BB18-26E4829DA51A}.Debug|Any CPU.ActiveCfg = Debug|Any CPU
		{B296D70D-8D1E-4468-BB18-26E4829DA51A}.Debug|Any CPU.Build.0 = Debug|Any CPU
		{B296D70D-8D1E-4468-BB18-26E4829DA51A}.Release|Any CPU.ActiveCfg = Release|Any CPU
		{B296D70D-8D1E-4468-BB18-26E4829DA51A}.Release|Any CPU.Build.0 = Release|Any CPU
		{A0BA07AD-F1B2-43CD-BFA2-55D20978C281}.Debug|Any CPU.ActiveCfg = Debug|Any CPU
		{A0BA07AD-F1B2-43CD-BFA2-55D20978C281}.Debug|Any CPU.Build.0 = Debug|Any CPU
		{A0BA07AD-F1B2-43CD-BFA2-55D20978C281}.Release|Any CPU.ActiveCfg = Release|Any CPU
		{A0BA07AD-F1B2-43CD-BFA2-55D20978C281}.Release|Any CPU.Build.0 = Release|Any CPU
		{3486A951-B5F5-4FED-A058-A48AAD22DDB0}.Debug|Any CPU.ActiveCfg = Debug|Any CPU
		{3486A951-B5F5-4FED-A058-A48AAD22DDB0}.Debug|Any CPU.Build.0 = Debug|Any CPU
		{3486A951-B5F5-4FED-A058-A48AAD22DDB0}.Release|Any CPU.ActiveCfg = Release|Any CPU
		{3486A951-B5F5-4FED-A058-A48AAD22DDB0}.Release|Any CPU.Build.0 = Release|Any CPU
		{536B18BB-726C-47BF-AC87-5E89F38687B7}.Debug|Any CPU.ActiveCfg = Debug|Any CPU
		{536B18BB-726C-47BF-AC87-5E89F38687B7}.Debug|Any CPU.Build.0 = Debug|Any CPU
		{536B18BB-726C-47BF-AC87-5E89F38687B7}.Release|Any CPU.ActiveCfg = Release|Any CPU
		{536B18BB-726C-47BF-AC87-5E89F38687B7}.Release|Any CPU.Build.0 = Release|Any CPU
		{DF0283A7-819D-499D-A722-58B0D21DE91F}.Debug|Any CPU.ActiveCfg = Debug|Any CPU
		{DF0283A7-819D-499D-A722-58B0D21DE91F}.Debug|Any CPU.Build.0 = Debug|Any CPU
		{DF0283A7-819D-499D-A722-58B0D21DE91F}.Release|Any CPU.ActiveCfg = Release|Any CPU
		{DF0283A7-819D-499D-A722-58B0D21DE91F}.Release|Any CPU.Build.0 = Release|Any CPU
		{948D8C8A-B123-40E1-9964-74E7D5658CFE}.Debug|Any CPU.ActiveCfg = Debug|Any CPU
		{948D8C8A-B123-40E1-9964-74E7D5658CFE}.Debug|Any CPU.Build.0 = Debug|Any CPU
		{948D8C8A-B123-40E1-9964-74E7D5658CFE}.Release|Any CPU.ActiveCfg = Release|Any CPU
		{948D8C8A-B123-40E1-9964-74E7D5658CFE}.Release|Any CPU.Build.0 = Release|Any CPU
		{68987536-24E0-4CD9-A32B-CF4F025AF4D6}.Debug|Any CPU.ActiveCfg = Debug|Any CPU
		{68987536-24E0-4CD9-A32B-CF4F025AF4D6}.Debug|Any CPU.Build.0 = Debug|Any CPU
		{68987536-24E0-4CD9-A32B-CF4F025AF4D6}.Release|Any CPU.ActiveCfg = Release|Any CPU
		{68987536-24E0-4CD9-A32B-CF4F025AF4D6}.Release|Any CPU.Build.0 = Release|Any CPU
		{54E647C4-677A-49AA-A47D-AFDFFE840599}.Debug|Any CPU.ActiveCfg = Debug|Any CPU
		{54E647C4-677A-49AA-A47D-AFDFFE840599}.Debug|Any CPU.Build.0 = Debug|Any CPU
		{54E647C4-677A-49AA-A47D-AFDFFE840599}.Release|Any CPU.ActiveCfg = Release|Any CPU
		{54E647C4-677A-49AA-A47D-AFDFFE840599}.Release|Any CPU.Build.0 = Release|Any CPU
		{95875CEA-B681-4DAB-A088-A569B301674B}.Debug|Any CPU.ActiveCfg = Debug|Any CPU
		{95875CEA-B681-4DAB-A088-A569B301674B}.Debug|Any CPU.Build.0 = Debug|Any CPU
		{95875CEA-B681-4DAB-A088-A569B301674B}.Release|Any CPU.ActiveCfg = Release|Any CPU
		{95875CEA-B681-4DAB-A088-A569B301674B}.Release|Any CPU.Build.0 = Release|Any CPU
		{E01E5536-14A3-48FB-87CF-D9E450CCDC95}.Debug|Any CPU.ActiveCfg = Debug|Any CPU
		{E01E5536-14A3-48FB-87CF-D9E450CCDC95}.Debug|Any CPU.Build.0 = Debug|Any CPU
		{E01E5536-14A3-48FB-87CF-D9E450CCDC95}.Release|Any CPU.ActiveCfg = Release|Any CPU
		{E01E5536-14A3-48FB-87CF-D9E450CCDC95}.Release|Any CPU.Build.0 = Release|Any CPU
		{755A8165-99CD-4696-85E2-781BD104F58E}.Debug|Any CPU.ActiveCfg = Debug|Any CPU
		{755A8165-99CD-4696-85E2-781BD104F58E}.Debug|Any CPU.Build.0 = Debug|Any CPU
		{755A8165-99CD-4696-85E2-781BD104F58E}.Release|Any CPU.ActiveCfg = Release|Any CPU
		{755A8165-99CD-4696-85E2-781BD104F58E}.Release|Any CPU.Build.0 = Release|Any CPU
		{CCDFABC8-4B33-40DA-ACF3-63A22662D1B5}.Debug|Any CPU.ActiveCfg = Debug|Any CPU
		{CCDFABC8-4B33-40DA-ACF3-63A22662D1B5}.Debug|Any CPU.Build.0 = Debug|Any CPU
		{CCDFABC8-4B33-40DA-ACF3-63A22662D1B5}.Release|Any CPU.ActiveCfg = Release|Any CPU
		{CCDFABC8-4B33-40DA-ACF3-63A22662D1B5}.Release|Any CPU.Build.0 = Release|Any CPU
		{CBF9659B-1EA9-454D-BEA9-1E8D4F7B8441}.Debug|Any CPU.ActiveCfg = Debug|Any CPU
		{CBF9659B-1EA9-454D-BEA9-1E8D4F7B8441}.Debug|Any CPU.Build.0 = Debug|Any CPU
		{CBF9659B-1EA9-454D-BEA9-1E8D4F7B8441}.Release|Any CPU.ActiveCfg = Release|Any CPU
		{CBF9659B-1EA9-454D-BEA9-1E8D4F7B8441}.Release|Any CPU.Build.0 = Release|Any CPU
		{45517EBE-5926-4847-9DE0-467B86CE3170}.Debug|Any CPU.ActiveCfg = Debug|Any CPU
		{45517EBE-5926-4847-9DE0-467B86CE3170}.Debug|Any CPU.Build.0 = Debug|Any CPU
		{45517EBE-5926-4847-9DE0-467B86CE3170}.Release|Any CPU.ActiveCfg = Release|Any CPU
		{45517EBE-5926-4847-9DE0-467B86CE3170}.Release|Any CPU.Build.0 = Release|Any CPU
		{87FA09CC-FF67-4B61-B136-9421849E8F68}.Debug|Any CPU.ActiveCfg = Debug|Any CPU
		{87FA09CC-FF67-4B61-B136-9421849E8F68}.Debug|Any CPU.Build.0 = Debug|Any CPU
		{87FA09CC-FF67-4B61-B136-9421849E8F68}.Release|Any CPU.ActiveCfg = Release|Any CPU
		{87FA09CC-FF67-4B61-B136-9421849E8F68}.Release|Any CPU.Build.0 = Release|Any CPU
		{47CD8D6C-C2B8-4F7F-8720-D1BA475905DC}.Debug|Any CPU.ActiveCfg = Debug|Any CPU
		{47CD8D6C-C2B8-4F7F-8720-D1BA475905DC}.Debug|Any CPU.Build.0 = Debug|Any CPU
		{47CD8D6C-C2B8-4F7F-8720-D1BA475905DC}.Release|Any CPU.ActiveCfg = Release|Any CPU
		{47CD8D6C-C2B8-4F7F-8720-D1BA475905DC}.Release|Any CPU.Build.0 = Release|Any CPU
		{1E09144D-538F-432F-8724-C4E4C98EB904}.Debug|Any CPU.ActiveCfg = Debug|Any CPU
		{1E09144D-538F-432F-8724-C4E4C98EB904}.Debug|Any CPU.Build.0 = Debug|Any CPU
		{1E09144D-538F-432F-8724-C4E4C98EB904}.Release|Any CPU.ActiveCfg = Release|Any CPU
		{1E09144D-538F-432F-8724-C4E4C98EB904}.Release|Any CPU.Build.0 = Release|Any CPU
		{F89AEB94-6AF6-431F-AAE4-EC000E722FF4}.Debug|Any CPU.ActiveCfg = Debug|Any CPU
		{F89AEB94-6AF6-431F-AAE4-EC000E722FF4}.Debug|Any CPU.Build.0 = Debug|Any CPU
		{F89AEB94-6AF6-431F-AAE4-EC000E722FF4}.Release|Any CPU.ActiveCfg = Release|Any CPU
		{F89AEB94-6AF6-431F-AAE4-EC000E722FF4}.Release|Any CPU.Build.0 = Release|Any CPU
		{DD0878CA-9BC3-4BDD-AFD1-E72F23911190}.Debug|Any CPU.ActiveCfg = Debug|Any CPU
		{DD0878CA-9BC3-4BDD-AFD1-E72F23911190}.Debug|Any CPU.Build.0 = Debug|Any CPU
		{DD0878CA-9BC3-4BDD-AFD1-E72F23911190}.Release|Any CPU.ActiveCfg = Release|Any CPU
		{DD0878CA-9BC3-4BDD-AFD1-E72F23911190}.Release|Any CPU.Build.0 = Release|Any CPU
	EndGlobalSection
	GlobalSection(SolutionProperties) = preSolution
		HideSolutionNode = FALSE
	EndGlobalSection
	GlobalSection(NestedProjects) = preSolution
		{51D25945-2659-492A-A988-E3CB95D3D50B} = {7FD074D3-82E8-4544-8948-542D1CB76669}
		{009FD23D-4AA7-4C5E-B86E-0C6BD8791976} = {87BCA6A9-E14A-44AC-B4F9-2CDEFC72C188}
		{E7F50F12-8FC3-441F-B6EF-6CE165E44EB9} = {009FD23D-4AA7-4C5E-B86E-0C6BD8791976}
		{873A6A06-1BA6-46AB-89D1-0436BC8300E7} = {87BCA6A9-E14A-44AC-B4F9-2CDEFC72C188}
		{B296D70D-8D1E-4468-BB18-26E4829DA51A} = {873A6A06-1BA6-46AB-89D1-0436BC8300E7}
		{A0BA07AD-F1B2-43CD-BFA2-55D20978C281} = {873A6A06-1BA6-46AB-89D1-0436BC8300E7}
		{3486A951-B5F5-4FED-A058-A48AAD22DDB0} = {873A6A06-1BA6-46AB-89D1-0436BC8300E7}
		{A89AF7FD-0AAB-417C-9BF0-03658385A451} = {87BCA6A9-E14A-44AC-B4F9-2CDEFC72C188}
		{536B18BB-726C-47BF-AC87-5E89F38687B7} = {A89AF7FD-0AAB-417C-9BF0-03658385A451}
		{DF0283A7-819D-499D-A722-58B0D21DE91F} = {A89AF7FD-0AAB-417C-9BF0-03658385A451}
		{DAE34E88-C4EC-4095-8A24-CEA6E479132A} = {3581CA68-8E58-43D9-93B7-F8274FF278A4}
		{948D8C8A-B123-40E1-9964-74E7D5658CFE} = {DAE34E88-C4EC-4095-8A24-CEA6E479132A}
		{73F87588-54DB-45A1-83CC-04C3E9083D0A} = {3581CA68-8E58-43D9-93B7-F8274FF278A4}
		{68987536-24E0-4CD9-A32B-CF4F025AF4D6} = {73F87588-54DB-45A1-83CC-04C3E9083D0A}
		{C3863A86-D84B-490B-8271-6FBCB983BE36} = {3581CA68-8E58-43D9-93B7-F8274FF278A4}
		{54E647C4-677A-49AA-A47D-AFDFFE840599} = {C3863A86-D84B-490B-8271-6FBCB983BE36}
		{95875CEA-B681-4DAB-A088-A569B301674B} = {C3863A86-D84B-490B-8271-6FBCB983BE36}
		{E01E5536-14A3-48FB-87CF-D9E450CCDC95} = {C3863A86-D84B-490B-8271-6FBCB983BE36}
		{C9F97246-F63A-4CC7-8717-40ABE2BD57AF} = {3581CA68-8E58-43D9-93B7-F8274FF278A4}
		{755A8165-99CD-4696-85E2-781BD104F58E} = {C9F97246-F63A-4CC7-8717-40ABE2BD57AF}
		{CCDFABC8-4B33-40DA-ACF3-63A22662D1B5} = {C9F97246-F63A-4CC7-8717-40ABE2BD57AF}
		{CBF9659B-1EA9-454D-BEA9-1E8D4F7B8441} = {C9F97246-F63A-4CC7-8717-40ABE2BD57AF}
		{45517EBE-5926-4847-9DE0-467B86CE3170} = {0D5F92C2-FCB1-48BA-9A56-89D3EA065CDE}
		{87FA09CC-FF67-4B61-B136-9421849E8F68} = {0D5F92C2-FCB1-48BA-9A56-89D3EA065CDE}
		{47CD8D6C-C2B8-4F7F-8720-D1BA475905DC} = {0D5F92C2-FCB1-48BA-9A56-89D3EA065CDE}
		{1E09144D-538F-432F-8724-C4E4C98EB904} = {0D5F92C2-FCB1-48BA-9A56-89D3EA065CDE}
		{F89AEB94-6AF6-431F-AAE4-EC000E722FF4} = {0D5F92C2-FCB1-48BA-9A56-89D3EA065CDE}
		{DD0878CA-9BC3-4BDD-AFD1-E72F23911190} = {0D5F92C2-FCB1-48BA-9A56-89D3EA065CDE}
	EndGlobalSection
	GlobalSection(ExtensibilityGlobals) = postSolution
		SolutionGuid = {304F55BA-18F5-47AF-8007-9C13EE1A1667}
	EndGlobalSection
EndGlobal
